
Microsoft Visual Studio Solution File, Format Version 12.00
Project("{F2A71F9B-5D33-465A-A702-920D77279786}") = "WebApplication", "WebApplication\WebApplication.fsproj", "{E5FC32CD-63C7-46E4-BB7F-74301D687857}"
EndProject
Global
	GlobalSection(SolutionConfigurationPlatforms) = preSolution
		Debug|Any CPU = Debug|Any CPU
		Release|Any CPU = Release|Any CPU
	EndGlobalSection
	GlobalSection(ProjectConfigurationPlatforms) = postSolution
		{E5FC32CD-63C7-46E4-BB7F-74301D687857}.Debug|Any CPU.ActiveCfg = Debug|Any CPU
		{E5FC32CD-63C7-46E4-BB7F-74301D687857}.Debug|Any CPU.Build.0 = Debug|Any CPU
		{E5FC32CD-63C7-46E4-BB7F-74301D687857}.Release|Any CPU.ActiveCfg = Release|Any CPU
		{E5FC32CD-63C7-46E4-BB7F-74301D687857}.Release|Any CPU.Build.0 = Release|Any CPU
	EndGlobalSection
EndGlobal
